
Microsoft Visual Studio Solution File, Format Version 12.00
# Visual Studio 15
VisualStudioVersion = 15.0.26730.16
MinimumVisualStudioVersion = 10.0.40219.1
Project("{FAE04EC0-301F-11D3-BF4B-00C04F79EFBC}") = "DynThings.Data.Models", "DynThings.Data.Models\DynThings.Data.Models.csproj", "{946862BE-8456-4882-9A11-09ED0AFD407B}"
EndProject
Project("{FAE04EC0-301F-11D3-BF4B-00C04F79EFBC}") = "DynThings.Data.Repositories", "DynThings.Data.Repositories\DynThings.Data.Repositories.csproj", "{3EB80EA4-99D5-4DB4-BD84-2370DCE356D0}"
EndProject
Project("{FAE04EC0-301F-11D3-BF4B-00C04F79EFBC}") = "DynThings.Simulator", "DynThings.Simulator\DynThings.Simulator.csproj", "{7261ED1D-6167-47C5-B2D0-3C4A396CF8BE}"
	ProjectSection(ProjectDependencies) = postProject
		{CA4E274C-2541-4221-819E-441E7C20FEEE} = {CA4E274C-2541-4221-819E-441E7C20FEEE}
		{3EB80EA4-99D5-4DB4-BD84-2370DCE356D0} = {3EB80EA4-99D5-4DB4-BD84-2370DCE356D0}
		{946862BE-8456-4882-9A11-09ED0AFD407B} = {946862BE-8456-4882-9A11-09ED0AFD407B}
		{C5671EE7-F0A2-4D61-815B-E98FFCFD349A} = {C5671EE7-F0A2-4D61-815B-E98FFCFD349A}
	EndProjectSection
EndProject
Project("{FAE04EC0-301F-11D3-BF4B-00C04F79EFBC}") = "DynThings.Core", "DynThings.Core\DynThings.Core.csproj", "{CA4E274C-2541-4221-819E-441E7C20FEEE}"
EndProject
Project("{FAE04EC0-301F-11D3-BF4B-00C04F79EFBC}") = "DynThings.WebPortal", "DynThings.WebPortal\DynThings.WebPortal.csproj", "{C5671EE7-F0A2-4D61-815B-E98FFCFD349A}"
EndProject
Project("{FAE04EC0-301F-11D3-BF4B-00C04F79EFBC}") = "DynThings.Data.Reports", "DynThings.Data.Reports\DynThings.Data.Reports.csproj", "{AB08055F-4BAB-48A5-A76C-F97AEE45A9C8}"
EndProject
Project("{2150E333-8FDC-42A3-9474-1A3956D46DE8}") = "Core", "Core", "{4CCA1A8E-2A1E-4BC4-AA63-2E26F86F3FBB}"
EndProject
Project("{2150E333-8FDC-42A3-9474-1A3956D46DE8}") = "Apps", "Apps", "{7E57DAB6-000E-4B32-A5BC-0FF6317B315A}"
EndProject
Project("{54435603-DBB4-11D2-8724-00A0C9A8B90C}") = "DynThings Platform", "DynThings Platform\DynThings Platform.vdproj", "{4C941816-90DA-4935-A9A7-D8004405A983}"
EndProject
Project("{FAE04EC0-301F-11D3-BF4B-00C04F79EFBC}") = "DynThings.DBManager", "DynThings.DBManager\DynThings.DBManager.csproj", "{DA4E7462-B093-430A-A0C7-7AA9B77493DC}"
EndProject
Project("{FAE04EC0-301F-11D3-BF4B-00C04F79EFBC}") = "DynThings.Service", "DynThings.Service\DynThings.Service.csproj", "{D54D17B5-D98B-4E9B-B1C5-AF8EA653549A}"
EndProject
Project("{2150E333-8FDC-42A3-9474-1A3956D46DE8}") = "Installers", "Installers", "{3F94EC4E-EEB9-450C-8484-D8E111D85407}"
EndProject
Project("{FAE04EC0-301F-11D3-BF4B-00C04F79EFBC}") = "DynThings.WebAPI.Repositories", "DynThings.WebAPI.Repositories\DynThings.WebAPI.Repositories.csproj", "{F973C3FF-E9C6-405C-B57F-F217FDBC5395}"
EndProject
Project("{FAE04EC0-301F-11D3-BF4B-00C04F79EFBC}") = "DynThings.Data.WidgetModels", "DynThings.Data.WidgetModels\DynThings.Data.WidgetModels.csproj", "{B180614C-FA0C-4676-80CC-35CFB32E016B}"
EndProject
Project("{FAE04EC0-301F-11D3-BF4B-00C04F79EFBC}") = "DynThings.Core.DBTools", "DynThings.Core.DBTools\DynThings.Core.DBTools.csproj", "{17A955AC-A54C-48FC-B28B-1B1D1422A3C8}"
EndProject
Project("{2150E333-8FDC-42A3-9474-1A3956D46DE8}") = "API", "API", "{572692EE-D92E-4153-8DA7-8C2E8451B87A}"
EndProject
Project("{54435603-DBB4-11D2-8724-00A0C9A8B90C}") = "DynThings BackgroundServices", "DynThings BackgroundServices\DynThings BackgroundServices.vdproj", "{56E5E8C4-78E0-4E66-89CF-35EE69ECACE6}"
EndProject
Project("{FAE04EC0-301F-11D3-BF4B-00C04F79EFBC}") = "DynThings.ServiceConfigurationManager", "DynThings.ServiceConfigurationManager\DynThings.ServiceConfigurationManager.csproj", "{B153F8A9-A083-459C-902F-C0A60E74864B}"
EndProject
Project("{9A19103F-16F7-4668-BE54-9A1E7A4F7556}") = "DynThings.WebAPI.Models", "DynThings.WebAPI.Models\DynThings.WebAPI.Models.csproj", "{24070C47-6058-4270-8DCD-4BE8D4C710A3}"
EndProject
Project("{9A19103F-16F7-4668-BE54-9A1E7A4F7556}") = "DynThings.WebAPI.ClientServices", "DynThings.WebAPI.ClientServices\DynThings.WebAPI.ClientServices.csproj", "{4B615FD5-3642-4532-83D2-3DF686B75D43}"
EndProject
Project("{FAE04EC0-301F-11D3-BF4B-00C04F79EFBC}") = "DynThings.WebAPIClientServicesTester", "DynThings.WebAPIClientServicesTester\DynThings.WebAPIClientServicesTester.csproj", "{F3E6C5E9-A60F-4B7A-B020-6DDB52088C6C}"
EndProject
Project("{9A19103F-16F7-4668-BE54-9A1E7A4F7556}") = "DynThings.Core.Languages", "DynThings.Core.Languages\DynThings.Core.Languages.csproj", "{A3F164B7-BD3B-4424-AA07-FBA015179C8E}"
EndProject
Project("{2150E333-8FDC-42A3-9474-1A3956D46DE8}") = "Documentations", "Documentations", "{17156816-07C7-4ADB-88EC-2752C8A1B6F6}"
EndProject
Project("{7CF6DF6D-3B04-46F8-A40B-537D21BCA0B4}") = "DynThings.Documentation", "DynThings.Documentation\DynThings.Documentation.shfbproj", "{0AA5990D-6BC0-49B9-9268-3CB5A9E87D39}"
EndProject
Global
	GlobalSection(SolutionConfigurationPlatforms) = preSolution
		Debug|Any CPU = Debug|Any CPU
		Debug|ARM = Debug|ARM
		Debug|x64 = Debug|x64
		Debug|x86 = Debug|x86
		Release|Any CPU = Release|Any CPU
		Release|ARM = Release|ARM
		Release|x64 = Release|x64
		Release|x86 = Release|x86
	EndGlobalSection
	GlobalSection(ProjectConfigurationPlatforms) = postSolution
		{946862BE-8456-4882-9A11-09ED0AFD407B}.Debug|Any CPU.ActiveCfg = Debug|Any CPU
		{946862BE-8456-4882-9A11-09ED0AFD407B}.Debug|Any CPU.Build.0 = Debug|Any CPU
		{946862BE-8456-4882-9A11-09ED0AFD407B}.Debug|ARM.ActiveCfg = Debug|Any CPU
		{946862BE-8456-4882-9A11-09ED0AFD407B}.Debug|ARM.Build.0 = Debug|Any CPU
		{946862BE-8456-4882-9A11-09ED0AFD407B}.Debug|x64.ActiveCfg = Debug|Any CPU
		{946862BE-8456-4882-9A11-09ED0AFD407B}.Debug|x64.Build.0 = Debug|Any CPU
		{946862BE-8456-4882-9A11-09ED0AFD407B}.Debug|x86.ActiveCfg = Debug|Any CPU
		{946862BE-8456-4882-9A11-09ED0AFD407B}.Debug|x86.Build.0 = Debug|Any CPU
		{946862BE-8456-4882-9A11-09ED0AFD407B}.Release|Any CPU.ActiveCfg = Release|Any CPU
		{946862BE-8456-4882-9A11-09ED0AFD407B}.Release|Any CPU.Build.0 = Release|Any CPU
		{946862BE-8456-4882-9A11-09ED0AFD407B}.Release|ARM.ActiveCfg = Release|Any CPU
		{946862BE-8456-4882-9A11-09ED0AFD407B}.Release|ARM.Build.0 = Release|Any CPU
		{946862BE-8456-4882-9A11-09ED0AFD407B}.Release|x64.ActiveCfg = Release|Any CPU
		{946862BE-8456-4882-9A11-09ED0AFD407B}.Release|x64.Build.0 = Release|Any CPU
		{946862BE-8456-4882-9A11-09ED0AFD407B}.Release|x86.ActiveCfg = Release|Any CPU
		{946862BE-8456-4882-9A11-09ED0AFD407B}.Release|x86.Build.0 = Release|Any CPU
		{3EB80EA4-99D5-4DB4-BD84-2370DCE356D0}.Debug|Any CPU.ActiveCfg = Debug|Any CPU
		{3EB80EA4-99D5-4DB4-BD84-2370DCE356D0}.Debug|Any CPU.Build.0 = Debug|Any CPU
		{3EB80EA4-99D5-4DB4-BD84-2370DCE356D0}.Debug|ARM.ActiveCfg = Debug|Any CPU
		{3EB80EA4-99D5-4DB4-BD84-2370DCE356D0}.Debug|ARM.Build.0 = Debug|Any CPU
		{3EB80EA4-99D5-4DB4-BD84-2370DCE356D0}.Debug|x64.ActiveCfg = Debug|Any CPU
		{3EB80EA4-99D5-4DB4-BD84-2370DCE356D0}.Debug|x64.Build.0 = Debug|Any CPU
		{3EB80EA4-99D5-4DB4-BD84-2370DCE356D0}.Debug|x86.ActiveCfg = Debug|Any CPU
		{3EB80EA4-99D5-4DB4-BD84-2370DCE356D0}.Debug|x86.Build.0 = Debug|Any CPU
		{3EB80EA4-99D5-4DB4-BD84-2370DCE356D0}.Release|Any CPU.ActiveCfg = Release|Any CPU
		{3EB80EA4-99D5-4DB4-BD84-2370DCE356D0}.Release|Any CPU.Build.0 = Release|Any CPU
		{3EB80EA4-99D5-4DB4-BD84-2370DCE356D0}.Release|ARM.ActiveCfg = Release|Any CPU
		{3EB80EA4-99D5-4DB4-BD84-2370DCE356D0}.Release|ARM.Build.0 = Release|Any CPU
		{3EB80EA4-99D5-4DB4-BD84-2370DCE356D0}.Release|x64.ActiveCfg = Release|Any CPU
		{3EB80EA4-99D5-4DB4-BD84-2370DCE356D0}.Release|x64.Build.0 = Release|Any CPU
		{3EB80EA4-99D5-4DB4-BD84-2370DCE356D0}.Release|x86.ActiveCfg = Release|Any CPU
		{3EB80EA4-99D5-4DB4-BD84-2370DCE356D0}.Release|x86.Build.0 = Release|Any CPU
		{7261ED1D-6167-47C5-B2D0-3C4A396CF8BE}.Debug|Any CPU.ActiveCfg = Debug|Any CPU
		{7261ED1D-6167-47C5-B2D0-3C4A396CF8BE}.Debug|Any CPU.Build.0 = Debug|Any CPU
		{7261ED1D-6167-47C5-B2D0-3C4A396CF8BE}.Debug|ARM.ActiveCfg = Debug|Any CPU
		{7261ED1D-6167-47C5-B2D0-3C4A396CF8BE}.Debug|ARM.Build.0 = Debug|Any CPU
		{7261ED1D-6167-47C5-B2D0-3C4A396CF8BE}.Debug|x64.ActiveCfg = Debug|Any CPU
		{7261ED1D-6167-47C5-B2D0-3C4A396CF8BE}.Debug|x64.Build.0 = Debug|Any CPU
		{7261ED1D-6167-47C5-B2D0-3C4A396CF8BE}.Debug|x86.ActiveCfg = Debug|Any CPU
		{7261ED1D-6167-47C5-B2D0-3C4A396CF8BE}.Debug|x86.Build.0 = Debug|Any CPU
		{7261ED1D-6167-47C5-B2D0-3C4A396CF8BE}.Release|Any CPU.ActiveCfg = Release|Any CPU
		{7261ED1D-6167-47C5-B2D0-3C4A396CF8BE}.Release|Any CPU.Build.0 = Release|Any CPU
		{7261ED1D-6167-47C5-B2D0-3C4A396CF8BE}.Release|ARM.ActiveCfg = Release|Any CPU
		{7261ED1D-6167-47C5-B2D0-3C4A396CF8BE}.Release|ARM.Build.0 = Release|Any CPU
		{7261ED1D-6167-47C5-B2D0-3C4A396CF8BE}.Release|x64.ActiveCfg = Release|Any CPU
		{7261ED1D-6167-47C5-B2D0-3C4A396CF8BE}.Release|x64.Build.0 = Release|Any CPU
		{7261ED1D-6167-47C5-B2D0-3C4A396CF8BE}.Release|x86.ActiveCfg = Release|Any CPU
		{7261ED1D-6167-47C5-B2D0-3C4A396CF8BE}.Release|x86.Build.0 = Release|Any CPU
		{CA4E274C-2541-4221-819E-441E7C20FEEE}.Debug|Any CPU.ActiveCfg = Debug|Any CPU
		{CA4E274C-2541-4221-819E-441E7C20FEEE}.Debug|Any CPU.Build.0 = Debug|Any CPU
		{CA4E274C-2541-4221-819E-441E7C20FEEE}.Debug|ARM.ActiveCfg = Debug|Any CPU
		{CA4E274C-2541-4221-819E-441E7C20FEEE}.Debug|ARM.Build.0 = Debug|Any CPU
		{CA4E274C-2541-4221-819E-441E7C20FEEE}.Debug|x64.ActiveCfg = Debug|Any CPU
		{CA4E274C-2541-4221-819E-441E7C20FEEE}.Debug|x64.Build.0 = Debug|Any CPU
		{CA4E274C-2541-4221-819E-441E7C20FEEE}.Debug|x86.ActiveCfg = Debug|Any CPU
		{CA4E274C-2541-4221-819E-441E7C20FEEE}.Debug|x86.Build.0 = Debug|Any CPU
		{CA4E274C-2541-4221-819E-441E7C20FEEE}.Release|Any CPU.ActiveCfg = Release|Any CPU
		{CA4E274C-2541-4221-819E-441E7C20FEEE}.Release|Any CPU.Build.0 = Release|Any CPU
		{CA4E274C-2541-4221-819E-441E7C20FEEE}.Release|ARM.ActiveCfg = Release|Any CPU
		{CA4E274C-2541-4221-819E-441E7C20FEEE}.Release|ARM.Build.0 = Release|Any CPU
		{CA4E274C-2541-4221-819E-441E7C20FEEE}.Release|x64.ActiveCfg = Release|Any CPU
		{CA4E274C-2541-4221-819E-441E7C20FEEE}.Release|x64.Build.0 = Release|Any CPU
		{CA4E274C-2541-4221-819E-441E7C20FEEE}.Release|x86.ActiveCfg = Release|Any CPU
		{CA4E274C-2541-4221-819E-441E7C20FEEE}.Release|x86.Build.0 = Release|Any CPU
		{C5671EE7-F0A2-4D61-815B-E98FFCFD349A}.Debug|Any CPU.ActiveCfg = Debug|Any CPU
		{C5671EE7-F0A2-4D61-815B-E98FFCFD349A}.Debug|Any CPU.Build.0 = Debug|Any CPU
		{C5671EE7-F0A2-4D61-815B-E98FFCFD349A}.Debug|ARM.ActiveCfg = Debug|Any CPU
		{C5671EE7-F0A2-4D61-815B-E98FFCFD349A}.Debug|ARM.Build.0 = Debug|Any CPU
		{C5671EE7-F0A2-4D61-815B-E98FFCFD349A}.Debug|x64.ActiveCfg = Debug|Any CPU
		{C5671EE7-F0A2-4D61-815B-E98FFCFD349A}.Debug|x64.Build.0 = Debug|Any CPU
		{C5671EE7-F0A2-4D61-815B-E98FFCFD349A}.Debug|x86.ActiveCfg = Debug|Any CPU
		{C5671EE7-F0A2-4D61-815B-E98FFCFD349A}.Debug|x86.Build.0 = Debug|Any CPU
		{C5671EE7-F0A2-4D61-815B-E98FFCFD349A}.Release|Any CPU.ActiveCfg = Release|Any CPU
		{C5671EE7-F0A2-4D61-815B-E98FFCFD349A}.Release|Any CPU.Build.0 = Release|Any CPU
		{C5671EE7-F0A2-4D61-815B-E98FFCFD349A}.Release|ARM.ActiveCfg = Release|Any CPU
		{C5671EE7-F0A2-4D61-815B-E98FFCFD349A}.Release|ARM.Build.0 = Release|Any CPU
		{C5671EE7-F0A2-4D61-815B-E98FFCFD349A}.Release|x64.ActiveCfg = Release|Any CPU
		{C5671EE7-F0A2-4D61-815B-E98FFCFD349A}.Release|x64.Build.0 = Release|Any CPU
		{C5671EE7-F0A2-4D61-815B-E98FFCFD349A}.Release|x86.ActiveCfg = Release|Any CPU
		{C5671EE7-F0A2-4D61-815B-E98FFCFD349A}.Release|x86.Build.0 = Release|Any CPU
		{AB08055F-4BAB-48A5-A76C-F97AEE45A9C8}.Debug|Any CPU.ActiveCfg = Debug|Any CPU
		{AB08055F-4BAB-48A5-A76C-F97AEE45A9C8}.Debug|Any CPU.Build.0 = Debug|Any CPU
		{AB08055F-4BAB-48A5-A76C-F97AEE45A9C8}.Debug|ARM.ActiveCfg = Debug|Any CPU
		{AB08055F-4BAB-48A5-A76C-F97AEE45A9C8}.Debug|ARM.Build.0 = Debug|Any CPU
		{AB08055F-4BAB-48A5-A76C-F97AEE45A9C8}.Debug|x64.ActiveCfg = Debug|Any CPU
		{AB08055F-4BAB-48A5-A76C-F97AEE45A9C8}.Debug|x64.Build.0 = Debug|Any CPU
		{AB08055F-4BAB-48A5-A76C-F97AEE45A9C8}.Debug|x86.ActiveCfg = Debug|Any CPU
		{AB08055F-4BAB-48A5-A76C-F97AEE45A9C8}.Debug|x86.Build.0 = Debug|Any CPU
		{AB08055F-4BAB-48A5-A76C-F97AEE45A9C8}.Release|Any CPU.ActiveCfg = Release|Any CPU
		{AB08055F-4BAB-48A5-A76C-F97AEE45A9C8}.Release|Any CPU.Build.0 = Release|Any CPU
		{AB08055F-4BAB-48A5-A76C-F97AEE45A9C8}.Release|ARM.ActiveCfg = Release|Any CPU
		{AB08055F-4BAB-48A5-A76C-F97AEE45A9C8}.Release|ARM.Build.0 = Release|Any CPU
		{AB08055F-4BAB-48A5-A76C-F97AEE45A9C8}.Release|x64.ActiveCfg = Release|Any CPU
		{AB08055F-4BAB-48A5-A76C-F97AEE45A9C8}.Release|x64.Build.0 = Release|Any CPU
		{AB08055F-4BAB-48A5-A76C-F97AEE45A9C8}.Release|x86.ActiveCfg = Release|Any CPU
		{AB08055F-4BAB-48A5-A76C-F97AEE45A9C8}.Release|x86.Build.0 = Release|Any CPU
		{4C941816-90DA-4935-A9A7-D8004405A983}.Debug|Any CPU.ActiveCfg = Debug
		{4C941816-90DA-4935-A9A7-D8004405A983}.Debug|ARM.ActiveCfg = Debug
		{4C941816-90DA-4935-A9A7-D8004405A983}.Debug|x64.ActiveCfg = Debug
		{4C941816-90DA-4935-A9A7-D8004405A983}.Debug|x86.ActiveCfg = Debug
		{4C941816-90DA-4935-A9A7-D8004405A983}.Release|Any CPU.ActiveCfg = Release
		{4C941816-90DA-4935-A9A7-D8004405A983}.Release|ARM.ActiveCfg = Release
		{4C941816-90DA-4935-A9A7-D8004405A983}.Release|x64.ActiveCfg = Release
		{4C941816-90DA-4935-A9A7-D8004405A983}.Release|x86.ActiveCfg = Release
		{DA4E7462-B093-430A-A0C7-7AA9B77493DC}.Debug|Any CPU.ActiveCfg = Debug|Any CPU
		{DA4E7462-B093-430A-A0C7-7AA9B77493DC}.Debug|Any CPU.Build.0 = Debug|Any CPU
		{DA4E7462-B093-430A-A0C7-7AA9B77493DC}.Debug|ARM.ActiveCfg = Debug|Any CPU
		{DA4E7462-B093-430A-A0C7-7AA9B77493DC}.Debug|ARM.Build.0 = Debug|Any CPU
		{DA4E7462-B093-430A-A0C7-7AA9B77493DC}.Debug|x64.ActiveCfg = Debug|Any CPU
		{DA4E7462-B093-430A-A0C7-7AA9B77493DC}.Debug|x64.Build.0 = Debug|Any CPU
		{DA4E7462-B093-430A-A0C7-7AA9B77493DC}.Debug|x86.ActiveCfg = Debug|Any CPU
		{DA4E7462-B093-430A-A0C7-7AA9B77493DC}.Debug|x86.Build.0 = Debug|Any CPU
		{DA4E7462-B093-430A-A0C7-7AA9B77493DC}.Release|Any CPU.ActiveCfg = Release|Any CPU
		{DA4E7462-B093-430A-A0C7-7AA9B77493DC}.Release|Any CPU.Build.0 = Release|Any CPU
		{DA4E7462-B093-430A-A0C7-7AA9B77493DC}.Release|ARM.ActiveCfg = Release|Any CPU
		{DA4E7462-B093-430A-A0C7-7AA9B77493DC}.Release|ARM.Build.0 = Release|Any CPU
		{DA4E7462-B093-430A-A0C7-7AA9B77493DC}.Release|x64.ActiveCfg = Release|Any CPU
		{DA4E7462-B093-430A-A0C7-7AA9B77493DC}.Release|x64.Build.0 = Release|Any CPU
		{DA4E7462-B093-430A-A0C7-7AA9B77493DC}.Release|x86.ActiveCfg = Release|Any CPU
		{DA4E7462-B093-430A-A0C7-7AA9B77493DC}.Release|x86.Build.0 = Release|Any CPU
		{D54D17B5-D98B-4E9B-B1C5-AF8EA653549A}.Debug|Any CPU.ActiveCfg = Debug|Any CPU
		{D54D17B5-D98B-4E9B-B1C5-AF8EA653549A}.Debug|Any CPU.Build.0 = Debug|Any CPU
		{D54D17B5-D98B-4E9B-B1C5-AF8EA653549A}.Debug|ARM.ActiveCfg = Debug|Any CPU
		{D54D17B5-D98B-4E9B-B1C5-AF8EA653549A}.Debug|ARM.Build.0 = Debug|Any CPU
		{D54D17B5-D98B-4E9B-B1C5-AF8EA653549A}.Debug|x64.ActiveCfg = Debug|Any CPU
		{D54D17B5-D98B-4E9B-B1C5-AF8EA653549A}.Debug|x64.Build.0 = Debug|Any CPU
		{D54D17B5-D98B-4E9B-B1C5-AF8EA653549A}.Debug|x86.ActiveCfg = Debug|Any CPU
		{D54D17B5-D98B-4E9B-B1C5-AF8EA653549A}.Debug|x86.Build.0 = Debug|Any CPU
		{D54D17B5-D98B-4E9B-B1C5-AF8EA653549A}.Release|Any CPU.ActiveCfg = Release|Any CPU
		{D54D17B5-D98B-4E9B-B1C5-AF8EA653549A}.Release|Any CPU.Build.0 = Release|Any CPU
		{D54D17B5-D98B-4E9B-B1C5-AF8EA653549A}.Release|ARM.ActiveCfg = Release|Any CPU
		{D54D17B5-D98B-4E9B-B1C5-AF8EA653549A}.Release|ARM.Build.0 = Release|Any CPU
		{D54D17B5-D98B-4E9B-B1C5-AF8EA653549A}.Release|x64.ActiveCfg = Release|Any CPU
		{D54D17B5-D98B-4E9B-B1C5-AF8EA653549A}.Release|x64.Build.0 = Release|Any CPU
		{D54D17B5-D98B-4E9B-B1C5-AF8EA653549A}.Release|x86.ActiveCfg = Release|Any CPU
		{D54D17B5-D98B-4E9B-B1C5-AF8EA653549A}.Release|x86.Build.0 = Release|Any CPU
		{F973C3FF-E9C6-405C-B57F-F217FDBC5395}.Debug|Any CPU.ActiveCfg = Debug|Any CPU
		{F973C3FF-E9C6-405C-B57F-F217FDBC5395}.Debug|Any CPU.Build.0 = Debug|Any CPU
		{F973C3FF-E9C6-405C-B57F-F217FDBC5395}.Debug|ARM.ActiveCfg = Debug|Any CPU
		{F973C3FF-E9C6-405C-B57F-F217FDBC5395}.Debug|ARM.Build.0 = Debug|Any CPU
		{F973C3FF-E9C6-405C-B57F-F217FDBC5395}.Debug|x64.ActiveCfg = Debug|Any CPU
		{F973C3FF-E9C6-405C-B57F-F217FDBC5395}.Debug|x64.Build.0 = Debug|Any CPU
		{F973C3FF-E9C6-405C-B57F-F217FDBC5395}.Debug|x86.ActiveCfg = Debug|Any CPU
		{F973C3FF-E9C6-405C-B57F-F217FDBC5395}.Debug|x86.Build.0 = Debug|Any CPU
		{F973C3FF-E9C6-405C-B57F-F217FDBC5395}.Release|Any CPU.ActiveCfg = Release|Any CPU
		{F973C3FF-E9C6-405C-B57F-F217FDBC5395}.Release|Any CPU.Build.0 = Release|Any CPU
		{F973C3FF-E9C6-405C-B57F-F217FDBC5395}.Release|ARM.ActiveCfg = Release|Any CPU
		{F973C3FF-E9C6-405C-B57F-F217FDBC5395}.Release|ARM.Build.0 = Release|Any CPU
		{F973C3FF-E9C6-405C-B57F-F217FDBC5395}.Release|x64.ActiveCfg = Release|Any CPU
		{F973C3FF-E9C6-405C-B57F-F217FDBC5395}.Release|x64.Build.0 = Release|Any CPU
		{F973C3FF-E9C6-405C-B57F-F217FDBC5395}.Release|x86.ActiveCfg = Release|Any CPU
		{F973C3FF-E9C6-405C-B57F-F217FDBC5395}.Release|x86.Build.0 = Release|Any CPU
		{B180614C-FA0C-4676-80CC-35CFB32E016B}.Debug|Any CPU.ActiveCfg = Debug|Any CPU
		{B180614C-FA0C-4676-80CC-35CFB32E016B}.Debug|Any CPU.Build.0 = Debug|Any CPU
		{B180614C-FA0C-4676-80CC-35CFB32E016B}.Debug|ARM.ActiveCfg = Debug|Any CPU
		{B180614C-FA0C-4676-80CC-35CFB32E016B}.Debug|ARM.Build.0 = Debug|Any CPU
		{B180614C-FA0C-4676-80CC-35CFB32E016B}.Debug|x64.ActiveCfg = Debug|Any CPU
		{B180614C-FA0C-4676-80CC-35CFB32E016B}.Debug|x64.Build.0 = Debug|Any CPU
		{B180614C-FA0C-4676-80CC-35CFB32E016B}.Debug|x86.ActiveCfg = Debug|Any CPU
		{B180614C-FA0C-4676-80CC-35CFB32E016B}.Debug|x86.Build.0 = Debug|Any CPU
		{B180614C-FA0C-4676-80CC-35CFB32E016B}.Release|Any CPU.ActiveCfg = Release|Any CPU
		{B180614C-FA0C-4676-80CC-35CFB32E016B}.Release|Any CPU.Build.0 = Release|Any CPU
		{B180614C-FA0C-4676-80CC-35CFB32E016B}.Release|ARM.ActiveCfg = Release|Any CPU
		{B180614C-FA0C-4676-80CC-35CFB32E016B}.Release|ARM.Build.0 = Release|Any CPU
		{B180614C-FA0C-4676-80CC-35CFB32E016B}.Release|x64.ActiveCfg = Release|Any CPU
		{B180614C-FA0C-4676-80CC-35CFB32E016B}.Release|x64.Build.0 = Release|Any CPU
		{B180614C-FA0C-4676-80CC-35CFB32E016B}.Release|x86.ActiveCfg = Release|Any CPU
		{B180614C-FA0C-4676-80CC-35CFB32E016B}.Release|x86.Build.0 = Release|Any CPU
		{17A955AC-A54C-48FC-B28B-1B1D1422A3C8}.Debug|Any CPU.ActiveCfg = Debug|Any CPU
		{17A955AC-A54C-48FC-B28B-1B1D1422A3C8}.Debug|Any CPU.Build.0 = Debug|Any CPU
		{17A955AC-A54C-48FC-B28B-1B1D1422A3C8}.Debug|ARM.ActiveCfg = Debug|Any CPU
		{17A955AC-A54C-48FC-B28B-1B1D1422A3C8}.Debug|ARM.Build.0 = Debug|Any CPU
		{17A955AC-A54C-48FC-B28B-1B1D1422A3C8}.Debug|x64.ActiveCfg = Debug|Any CPU
		{17A955AC-A54C-48FC-B28B-1B1D1422A3C8}.Debug|x64.Build.0 = Debug|Any CPU
		{17A955AC-A54C-48FC-B28B-1B1D1422A3C8}.Debug|x86.ActiveCfg = Debug|Any CPU
		{17A955AC-A54C-48FC-B28B-1B1D1422A3C8}.Debug|x86.Build.0 = Debug|Any CPU
		{17A955AC-A54C-48FC-B28B-1B1D1422A3C8}.Release|Any CPU.ActiveCfg = Release|Any CPU
		{17A955AC-A54C-48FC-B28B-1B1D1422A3C8}.Release|Any CPU.Build.0 = Release|Any CPU
		{17A955AC-A54C-48FC-B28B-1B1D1422A3C8}.Release|ARM.ActiveCfg = Release|Any CPU
		{17A955AC-A54C-48FC-B28B-1B1D1422A3C8}.Release|ARM.Build.0 = Release|Any CPU
		{17A955AC-A54C-48FC-B28B-1B1D1422A3C8}.Release|x64.ActiveCfg = Release|Any CPU
		{17A955AC-A54C-48FC-B28B-1B1D1422A3C8}.Release|x64.Build.0 = Release|Any CPU
		{17A955AC-A54C-48FC-B28B-1B1D1422A3C8}.Release|x86.ActiveCfg = Release|Any CPU
		{17A955AC-A54C-48FC-B28B-1B1D1422A3C8}.Release|x86.Build.0 = Release|Any CPU
		{56E5E8C4-78E0-4E66-89CF-35EE69ECACE6}.Debug|Any CPU.ActiveCfg = Debug
		{56E5E8C4-78E0-4E66-89CF-35EE69ECACE6}.Debug|ARM.ActiveCfg = Debug
		{56E5E8C4-78E0-4E66-89CF-35EE69ECACE6}.Debug|x64.ActiveCfg = Debug
		{56E5E8C4-78E0-4E66-89CF-35EE69ECACE6}.Debug|x86.ActiveCfg = Debug
		{56E5E8C4-78E0-4E66-89CF-35EE69ECACE6}.Release|Any CPU.ActiveCfg = Release
		{56E5E8C4-78E0-4E66-89CF-35EE69ECACE6}.Release|ARM.ActiveCfg = Release
		{56E5E8C4-78E0-4E66-89CF-35EE69ECACE6}.Release|x64.ActiveCfg = Release
		{56E5E8C4-78E0-4E66-89CF-35EE69ECACE6}.Release|x86.ActiveCfg = Release
		{B153F8A9-A083-459C-902F-C0A60E74864B}.Debug|Any CPU.ActiveCfg = Debug|Any CPU
		{B153F8A9-A083-459C-902F-C0A60E74864B}.Debug|Any CPU.Build.0 = Debug|Any CPU
		{B153F8A9-A083-459C-902F-C0A60E74864B}.Debug|ARM.ActiveCfg = Debug|Any CPU
		{B153F8A9-A083-459C-902F-C0A60E74864B}.Debug|ARM.Build.0 = Debug|Any CPU
		{B153F8A9-A083-459C-902F-C0A60E74864B}.Debug|x64.ActiveCfg = Debug|Any CPU
		{B153F8A9-A083-459C-902F-C0A60E74864B}.Debug|x64.Build.0 = Debug|Any CPU
		{B153F8A9-A083-459C-902F-C0A60E74864B}.Debug|x86.ActiveCfg = Debug|Any CPU
		{B153F8A9-A083-459C-902F-C0A60E74864B}.Debug|x86.Build.0 = Debug|Any CPU
		{B153F8A9-A083-459C-902F-C0A60E74864B}.Release|Any CPU.ActiveCfg = Release|Any CPU
		{B153F8A9-A083-459C-902F-C0A60E74864B}.Release|Any CPU.Build.0 = Release|Any CPU
		{B153F8A9-A083-459C-902F-C0A60E74864B}.Release|ARM.ActiveCfg = Release|Any CPU
		{B153F8A9-A083-459C-902F-C0A60E74864B}.Release|ARM.Build.0 = Release|Any CPU
		{B153F8A9-A083-459C-902F-C0A60E74864B}.Release|x64.ActiveCfg = Release|Any CPU
		{B153F8A9-A083-459C-902F-C0A60E74864B}.Release|x64.Build.0 = Release|Any CPU
		{B153F8A9-A083-459C-902F-C0A60E74864B}.Release|x86.ActiveCfg = Release|Any CPU
		{B153F8A9-A083-459C-902F-C0A60E74864B}.Release|x86.Build.0 = Release|Any CPU
		{24070C47-6058-4270-8DCD-4BE8D4C710A3}.Debug|Any CPU.ActiveCfg = Debug|Any CPU
		{24070C47-6058-4270-8DCD-4BE8D4C710A3}.Debug|Any CPU.Build.0 = Debug|Any CPU
		{24070C47-6058-4270-8DCD-4BE8D4C710A3}.Debug|ARM.ActiveCfg = Debug|Any CPU
		{24070C47-6058-4270-8DCD-4BE8D4C710A3}.Debug|ARM.Build.0 = Debug|Any CPU
		{24070C47-6058-4270-8DCD-4BE8D4C710A3}.Debug|x64.ActiveCfg = Debug|Any CPU
		{24070C47-6058-4270-8DCD-4BE8D4C710A3}.Debug|x64.Build.0 = Debug|Any CPU
		{24070C47-6058-4270-8DCD-4BE8D4C710A3}.Debug|x86.ActiveCfg = Debug|Any CPU
		{24070C47-6058-4270-8DCD-4BE8D4C710A3}.Debug|x86.Build.0 = Debug|Any CPU
		{24070C47-6058-4270-8DCD-4BE8D4C710A3}.Release|Any CPU.ActiveCfg = Release|Any CPU
		{24070C47-6058-4270-8DCD-4BE8D4C710A3}.Release|Any CPU.Build.0 = Release|Any CPU
		{24070C47-6058-4270-8DCD-4BE8D4C710A3}.Release|ARM.ActiveCfg = Release|Any CPU
		{24070C47-6058-4270-8DCD-4BE8D4C710A3}.Release|ARM.Build.0 = Release|Any CPU
		{24070C47-6058-4270-8DCD-4BE8D4C710A3}.Release|x64.ActiveCfg = Release|Any CPU
		{24070C47-6058-4270-8DCD-4BE8D4C710A3}.Release|x64.Build.0 = Release|Any CPU
		{24070C47-6058-4270-8DCD-4BE8D4C710A3}.Release|x86.ActiveCfg = Release|Any CPU
		{24070C47-6058-4270-8DCD-4BE8D4C710A3}.Release|x86.Build.0 = Release|Any CPU
		{4B615FD5-3642-4532-83D2-3DF686B75D43}.Debug|Any CPU.ActiveCfg = Debug|Any CPU
		{4B615FD5-3642-4532-83D2-3DF686B75D43}.Debug|Any CPU.Build.0 = Debug|Any CPU
		{4B615FD5-3642-4532-83D2-3DF686B75D43}.Debug|ARM.ActiveCfg = Debug|Any CPU
		{4B615FD5-3642-4532-83D2-3DF686B75D43}.Debug|ARM.Build.0 = Debug|Any CPU
		{4B615FD5-3642-4532-83D2-3DF686B75D43}.Debug|x64.ActiveCfg = Debug|Any CPU
		{4B615FD5-3642-4532-83D2-3DF686B75D43}.Debug|x64.Build.0 = Debug|Any CPU
		{4B615FD5-3642-4532-83D2-3DF686B75D43}.Debug|x86.ActiveCfg = Debug|Any CPU
		{4B615FD5-3642-4532-83D2-3DF686B75D43}.Debug|x86.Build.0 = Debug|Any CPU
		{4B615FD5-3642-4532-83D2-3DF686B75D43}.Release|Any CPU.ActiveCfg = Release|Any CPU
		{4B615FD5-3642-4532-83D2-3DF686B75D43}.Release|Any CPU.Build.0 = Release|Any CPU
		{4B615FD5-3642-4532-83D2-3DF686B75D43}.Release|ARM.ActiveCfg = Release|Any CPU
		{4B615FD5-3642-4532-83D2-3DF686B75D43}.Release|ARM.Build.0 = Release|Any CPU
		{4B615FD5-3642-4532-83D2-3DF686B75D43}.Release|x64.ActiveCfg = Release|Any CPU
		{4B615FD5-3642-4532-83D2-3DF686B75D43}.Release|x64.Build.0 = Release|Any CPU
		{4B615FD5-3642-4532-83D2-3DF686B75D43}.Release|x86.ActiveCfg = Release|Any CPU
		{4B615FD5-3642-4532-83D2-3DF686B75D43}.Release|x86.Build.0 = Release|Any CPU
		{F3E6C5E9-A60F-4B7A-B020-6DDB52088C6C}.Debug|Any CPU.ActiveCfg = Debug|Any CPU
		{F3E6C5E9-A60F-4B7A-B020-6DDB52088C6C}.Debug|Any CPU.Build.0 = Debug|Any CPU
		{F3E6C5E9-A60F-4B7A-B020-6DDB52088C6C}.Debug|ARM.ActiveCfg = Debug|Any CPU
		{F3E6C5E9-A60F-4B7A-B020-6DDB52088C6C}.Debug|ARM.Build.0 = Debug|Any CPU
		{F3E6C5E9-A60F-4B7A-B020-6DDB52088C6C}.Debug|x64.ActiveCfg = Debug|Any CPU
		{F3E6C5E9-A60F-4B7A-B020-6DDB52088C6C}.Debug|x64.Build.0 = Debug|Any CPU
		{F3E6C5E9-A60F-4B7A-B020-6DDB52088C6C}.Debug|x86.ActiveCfg = Debug|Any CPU
		{F3E6C5E9-A60F-4B7A-B020-6DDB52088C6C}.Debug|x86.Build.0 = Debug|Any CPU
		{F3E6C5E9-A60F-4B7A-B020-6DDB52088C6C}.Release|Any CPU.ActiveCfg = Release|Any CPU
		{F3E6C5E9-A60F-4B7A-B020-6DDB52088C6C}.Release|Any CPU.Build.0 = Release|Any CPU
		{F3E6C5E9-A60F-4B7A-B020-6DDB52088C6C}.Release|ARM.ActiveCfg = Release|Any CPU
		{F3E6C5E9-A60F-4B7A-B020-6DDB52088C6C}.Release|ARM.Build.0 = Release|Any CPU
		{F3E6C5E9-A60F-4B7A-B020-6DDB52088C6C}.Release|x64.ActiveCfg = Release|Any CPU
		{F3E6C5E9-A60F-4B7A-B020-6DDB52088C6C}.Release|x64.Build.0 = Release|Any CPU
		{F3E6C5E9-A60F-4B7A-B020-6DDB52088C6C}.Release|x86.ActiveCfg = Release|Any CPU
		{F3E6C5E9-A60F-4B7A-B020-6DDB52088C6C}.Release|x86.Build.0 = Release|Any CPU
		{A3F164B7-BD3B-4424-AA07-FBA015179C8E}.Debug|Any CPU.ActiveCfg = Debug|Any CPU
		{A3F164B7-BD3B-4424-AA07-FBA015179C8E}.Debug|Any CPU.Build.0 = Debug|Any CPU
		{A3F164B7-BD3B-4424-AA07-FBA015179C8E}.Debug|ARM.ActiveCfg = Debug|Any CPU
		{A3F164B7-BD3B-4424-AA07-FBA015179C8E}.Debug|ARM.Build.0 = Debug|Any CPU
		{A3F164B7-BD3B-4424-AA07-FBA015179C8E}.Debug|x64.ActiveCfg = Debug|Any CPU
		{A3F164B7-BD3B-4424-AA07-FBA015179C8E}.Debug|x64.Build.0 = Debug|Any CPU
		{A3F164B7-BD3B-4424-AA07-FBA015179C8E}.Debug|x86.ActiveCfg = Debug|Any CPU
		{A3F164B7-BD3B-4424-AA07-FBA015179C8E}.Debug|x86.Build.0 = Debug|Any CPU
		{A3F164B7-BD3B-4424-AA07-FBA015179C8E}.Release|Any CPU.ActiveCfg = Release|Any CPU
		{A3F164B7-BD3B-4424-AA07-FBA015179C8E}.Release|Any CPU.Build.0 = Release|Any CPU
		{A3F164B7-BD3B-4424-AA07-FBA015179C8E}.Release|ARM.ActiveCfg = Release|Any CPU
		{A3F164B7-BD3B-4424-AA07-FBA015179C8E}.Release|ARM.Build.0 = Release|Any CPU
		{A3F164B7-BD3B-4424-AA07-FBA015179C8E}.Release|x64.ActiveCfg = Release|Any CPU
		{A3F164B7-BD3B-4424-AA07-FBA015179C8E}.Release|x64.Build.0 = Release|Any CPU
		{A3F164B7-BD3B-4424-AA07-FBA015179C8E}.Release|x86.ActiveCfg = Release|Any CPU
		{A3F164B7-BD3B-4424-AA07-FBA015179C8E}.Release|x86.Build.0 = Release|Any CPU
		{0AA5990D-6BC0-49B9-9268-3CB5A9E87D39}.Debug|Any CPU.ActiveCfg = Debug|Any CPU
		{0AA5990D-6BC0-49B9-9268-3CB5A9E87D39}.Debug|Any CPU.Build.0 = Debug|Any CPU
		{0AA5990D-6BC0-49B9-9268-3CB5A9E87D39}.Debug|ARM.ActiveCfg = Debug|Any CPU
		{0AA5990D-6BC0-49B9-9268-3CB5A9E87D39}.Debug|ARM.Build.0 = Debug|Any CPU
		{0AA5990D-6BC0-49B9-9268-3CB5A9E87D39}.Debug|x64.ActiveCfg = Debug|Any CPU
		{0AA5990D-6BC0-49B9-9268-3CB5A9E87D39}.Debug|x64.Build.0 = Debug|Any CPU
		{0AA5990D-6BC0-49B9-9268-3CB5A9E87D39}.Debug|x86.ActiveCfg = Debug|Any CPU
		{0AA5990D-6BC0-49B9-9268-3CB5A9E87D39}.Debug|x86.Build.0 = Debug|Any CPU
		{0AA5990D-6BC0-49B9-9268-3CB5A9E87D39}.Release|Any CPU.ActiveCfg = Release|Any CPU
		{0AA5990D-6BC0-49B9-9268-3CB5A9E87D39}.Release|Any CPU.Build.0 = Release|Any CPU
		{0AA5990D-6BC0-49B9-9268-3CB5A9E87D39}.Release|ARM.ActiveCfg = Release|Any CPU
		{0AA5990D-6BC0-49B9-9268-3CB5A9E87D39}.Release|ARM.Build.0 = Release|Any CPU
		{0AA5990D-6BC0-49B9-9268-3CB5A9E87D39}.Release|x64.ActiveCfg = Release|Any CPU
		{0AA5990D-6BC0-49B9-9268-3CB5A9E87D39}.Release|x64.Build.0 = Release|Any CPU
		{0AA5990D-6BC0-49B9-9268-3CB5A9E87D39}.Release|x86.ActiveCfg = Release|Any CPU
		{0AA5990D-6BC0-49B9-9268-3CB5A9E87D39}.Release|x86.Build.0 = Release|Any CPU
	EndGlobalSection
	GlobalSection(SolutionProperties) = preSolution
		HideSolutionNode = FALSE
	EndGlobalSection
	GlobalSection(NestedProjects) = preSolution
		{946862BE-8456-4882-9A11-09ED0AFD407B} = {4CCA1A8E-2A1E-4BC4-AA63-2E26F86F3FBB}
		{3EB80EA4-99D5-4DB4-BD84-2370DCE356D0} = {4CCA1A8E-2A1E-4BC4-AA63-2E26F86F3FBB}
		{7261ED1D-6167-47C5-B2D0-3C4A396CF8BE} = {7E57DAB6-000E-4B32-A5BC-0FF6317B315A}
		{CA4E274C-2541-4221-819E-441E7C20FEEE} = {4CCA1A8E-2A1E-4BC4-AA63-2E26F86F3FBB}
		{C5671EE7-F0A2-4D61-815B-E98FFCFD349A} = {7E57DAB6-000E-4B32-A5BC-0FF6317B315A}
		{AB08055F-4BAB-48A5-A76C-F97AEE45A9C8} = {4CCA1A8E-2A1E-4BC4-AA63-2E26F86F3FBB}
		{4C941816-90DA-4935-A9A7-D8004405A983} = {3F94EC4E-EEB9-450C-8484-D8E111D85407}
		{DA4E7462-B093-430A-A0C7-7AA9B77493DC} = {7E57DAB6-000E-4B32-A5BC-0FF6317B315A}
		{D54D17B5-D98B-4E9B-B1C5-AF8EA653549A} = {7E57DAB6-000E-4B32-A5BC-0FF6317B315A}
		{F973C3FF-E9C6-405C-B57F-F217FDBC5395} = {572692EE-D92E-4153-8DA7-8C2E8451B87A}
		{B180614C-FA0C-4676-80CC-35CFB32E016B} = {4CCA1A8E-2A1E-4BC4-AA63-2E26F86F3FBB}
		{17A955AC-A54C-48FC-B28B-1B1D1422A3C8} = {4CCA1A8E-2A1E-4BC4-AA63-2E26F86F3FBB}
		{56E5E8C4-78E0-4E66-89CF-35EE69ECACE6} = {3F94EC4E-EEB9-450C-8484-D8E111D85407}
		{B153F8A9-A083-459C-902F-C0A60E74864B} = {7E57DAB6-000E-4B32-A5BC-0FF6317B315A}
		{24070C47-6058-4270-8DCD-4BE8D4C710A3} = {572692EE-D92E-4153-8DA7-8C2E8451B87A}
		{4B615FD5-3642-4532-83D2-3DF686B75D43} = {572692EE-D92E-4153-8DA7-8C2E8451B87A}
		{F3E6C5E9-A60F-4B7A-B020-6DDB52088C6C} = {7E57DAB6-000E-4B32-A5BC-0FF6317B315A}
		{A3F164B7-BD3B-4424-AA07-FBA015179C8E} = {4CCA1A8E-2A1E-4BC4-AA63-2E26F86F3FBB}
		{0AA5990D-6BC0-49B9-9268-3CB5A9E87D39} = {17156816-07C7-4ADB-88EC-2752C8A1B6F6}
	EndGlobalSection
	GlobalSection(ExtensibilityGlobals) = postSolution
		SolutionGuid = {C7435A9A-B9C7-43EF-9ECD-BDD556DFCB62}
	EndGlobalSection
EndGlobal
