
Microsoft Visual Studio Solution File, Format Version 12.00
# Visual Studio 14
VisualStudioVersion = 14.0.25123.0
MinimumVisualStudioVersion = 10.0.40219.1
Project("{FAE04EC0-301F-11D3-BF4B-00C04F79EFBC}") = "DynThings.Data.Models", "DynThings.Data.Models\DynThings.Data.Models.csproj", "{946862BE-8456-4882-9A11-09ED0AFD407B}"
EndProject
Project("{FAE04EC0-301F-11D3-BF4B-00C04F79EFBC}") = "DynThings.Data.Repositories", "DynThings.Data.Repositories\DynThings.Data.Repositories.csproj", "{3EB80EA4-99D5-4DB4-BD84-2370DCE356D0}"
EndProject
Project("{FAE04EC0-301F-11D3-BF4B-00C04F79EFBC}") = "DynThings.Simulator", "DynThings.Simulator\DynThings.Simulator.csproj", "{7261ED1D-6167-47C5-B2D0-3C4A396CF8BE}"
	ProjectSection(ProjectDependencies) = postProject
		{CA4E274C-2541-4221-819E-441E7C20FEEE} = {CA4E274C-2541-4221-819E-441E7C20FEEE}
		{3EB80EA4-99D5-4DB4-BD84-2370DCE356D0} = {3EB80EA4-99D5-4DB4-BD84-2370DCE356D0}
		{946862BE-8456-4882-9A11-09ED0AFD407B} = {946862BE-8456-4882-9A11-09ED0AFD407B}
		{C5671EE7-F0A2-4D61-815B-E98FFCFD349A} = {C5671EE7-F0A2-4D61-815B-E98FFCFD349A}
	EndProjectSection
EndProject
Project("{FAE04EC0-301F-11D3-BF4B-00C04F79EFBC}") = "DynThings.Core", "DynThings.Core\DynThings.Core.csproj", "{CA4E274C-2541-4221-819E-441E7C20FEEE}"
EndProject
Project("{FAE04EC0-301F-11D3-BF4B-00C04F79EFBC}") = "DynThings.WebAPI.Models", "DynThings.WebAPI.Models\DynThings.WebAPI.Models.csproj", "{C5987EFA-B632-406F-9934-0C6A924E05C7}"
EndProject
Project("{FAE04EC0-301F-11D3-BF4B-00C04F79EFBC}") = "DynThings.WebPortal", "DynThings.WebPortal\DynThings.WebPortal.csproj", "{C5671EE7-F0A2-4D61-815B-E98FFCFD349A}"
EndProject
Project("{FAE04EC0-301F-11D3-BF4B-00C04F79EFBC}") = "DynThings.Data.Reports", "DynThings.Data.Reports\DynThings.Data.Reports.csproj", "{AB08055F-4BAB-48A5-A76C-F97AEE45A9C8}"
EndProject
Global
	GlobalSection(SolutionConfigurationPlatforms) = preSolution
		Debug|Any CPU = Debug|Any CPU
		Debug|ARM = Debug|ARM
		Debug|x64 = Debug|x64
		Debug|x86 = Debug|x86
		Release|Any CPU = Release|Any CPU
		Release|ARM = Release|ARM
		Release|x64 = Release|x64
		Release|x86 = Release|x86
	EndGlobalSection
	GlobalSection(ProjectConfigurationPlatforms) = postSolution
		{946862BE-8456-4882-9A11-09ED0AFD407B}.Debug|Any CPU.ActiveCfg = Debug|Any CPU
		{946862BE-8456-4882-9A11-09ED0AFD407B}.Debug|Any CPU.Build.0 = Debug|Any CPU
		{946862BE-8456-4882-9A11-09ED0AFD407B}.Debug|ARM.ActiveCfg = Debug|Any CPU
		{946862BE-8456-4882-9A11-09ED0AFD407B}.Debug|ARM.Build.0 = Debug|Any CPU
		{946862BE-8456-4882-9A11-09ED0AFD407B}.Debug|x64.ActiveCfg = Debug|Any CPU
		{946862BE-8456-4882-9A11-09ED0AFD407B}.Debug|x64.Build.0 = Debug|Any CPU
		{946862BE-8456-4882-9A11-09ED0AFD407B}.Debug|x86.ActiveCfg = Debug|Any CPU
		{946862BE-8456-4882-9A11-09ED0AFD407B}.Debug|x86.Build.0 = Debug|Any CPU
		{946862BE-8456-4882-9A11-09ED0AFD407B}.Release|Any CPU.ActiveCfg = Release|Any CPU
		{946862BE-8456-4882-9A11-09ED0AFD407B}.Release|Any CPU.Build.0 = Release|Any CPU
		{946862BE-8456-4882-9A11-09ED0AFD407B}.Release|ARM.ActiveCfg = Release|Any CPU
		{946862BE-8456-4882-9A11-09ED0AFD407B}.Release|ARM.Build.0 = Release|Any CPU
		{946862BE-8456-4882-9A11-09ED0AFD407B}.Release|x64.ActiveCfg = Release|Any CPU
		{946862BE-8456-4882-9A11-09ED0AFD407B}.Release|x64.Build.0 = Release|Any CPU
		{946862BE-8456-4882-9A11-09ED0AFD407B}.Release|x86.ActiveCfg = Release|Any CPU
		{946862BE-8456-4882-9A11-09ED0AFD407B}.Release|x86.Build.0 = Release|Any CPU
		{3EB80EA4-99D5-4DB4-BD84-2370DCE356D0}.Debug|Any CPU.ActiveCfg = Debug|Any CPU
		{3EB80EA4-99D5-4DB4-BD84-2370DCE356D0}.Debug|Any CPU.Build.0 = Debug|Any CPU
		{3EB80EA4-99D5-4DB4-BD84-2370DCE356D0}.Debug|ARM.ActiveCfg = Debug|Any CPU
		{3EB80EA4-99D5-4DB4-BD84-2370DCE356D0}.Debug|ARM.Build.0 = Debug|Any CPU
		{3EB80EA4-99D5-4DB4-BD84-2370DCE356D0}.Debug|x64.ActiveCfg = Debug|Any CPU
		{3EB80EA4-99D5-4DB4-BD84-2370DCE356D0}.Debug|x64.Build.0 = Debug|Any CPU
		{3EB80EA4-99D5-4DB4-BD84-2370DCE356D0}.Debug|x86.ActiveCfg = Debug|Any CPU
		{3EB80EA4-99D5-4DB4-BD84-2370DCE356D0}.Debug|x86.Build.0 = Debug|Any CPU
		{3EB80EA4-99D5-4DB4-BD84-2370DCE356D0}.Release|Any CPU.ActiveCfg = Release|Any CPU
		{3EB80EA4-99D5-4DB4-BD84-2370DCE356D0}.Release|Any CPU.Build.0 = Release|Any CPU
		{3EB80EA4-99D5-4DB4-BD84-2370DCE356D0}.Release|ARM.ActiveCfg = Release|Any CPU
		{3EB80EA4-99D5-4DB4-BD84-2370DCE356D0}.Release|ARM.Build.0 = Release|Any CPU
		{3EB80EA4-99D5-4DB4-BD84-2370DCE356D0}.Release|x64.ActiveCfg = Release|Any CPU
		{3EB80EA4-99D5-4DB4-BD84-2370DCE356D0}.Release|x64.Build.0 = Release|Any CPU
		{3EB80EA4-99D5-4DB4-BD84-2370DCE356D0}.Release|x86.ActiveCfg = Release|Any CPU
		{3EB80EA4-99D5-4DB4-BD84-2370DCE356D0}.Release|x86.Build.0 = Release|Any CPU
		{7261ED1D-6167-47C5-B2D0-3C4A396CF8BE}.Debug|Any CPU.ActiveCfg = Debug|Any CPU
		{7261ED1D-6167-47C5-B2D0-3C4A396CF8BE}.Debug|Any CPU.Build.0 = Debug|Any CPU
		{7261ED1D-6167-47C5-B2D0-3C4A396CF8BE}.Debug|ARM.ActiveCfg = Debug|Any CPU
		{7261ED1D-6167-47C5-B2D0-3C4A396CF8BE}.Debug|ARM.Build.0 = Debug|Any CPU
		{7261ED1D-6167-47C5-B2D0-3C4A396CF8BE}.Debug|x64.ActiveCfg = Debug|Any CPU
		{7261ED1D-6167-47C5-B2D0-3C4A396CF8BE}.Debug|x64.Build.0 = Debug|Any CPU
		{7261ED1D-6167-47C5-B2D0-3C4A396CF8BE}.Debug|x86.ActiveCfg = Debug|Any CPU
		{7261ED1D-6167-47C5-B2D0-3C4A396CF8BE}.Debug|x86.Build.0 = Debug|Any CPU
		{7261ED1D-6167-47C5-B2D0-3C4A396CF8BE}.Release|Any CPU.ActiveCfg = Release|Any CPU
		{7261ED1D-6167-47C5-B2D0-3C4A396CF8BE}.Release|Any CPU.Build.0 = Release|Any CPU
		{7261ED1D-6167-47C5-B2D0-3C4A396CF8BE}.Release|ARM.ActiveCfg = Release|Any CPU
		{7261ED1D-6167-47C5-B2D0-3C4A396CF8BE}.Release|ARM.Build.0 = Release|Any CPU
		{7261ED1D-6167-47C5-B2D0-3C4A396CF8BE}.Release|x64.ActiveCfg = Release|Any CPU
		{7261ED1D-6167-47C5-B2D0-3C4A396CF8BE}.Release|x64.Build.0 = Release|Any CPU
		{7261ED1D-6167-47C5-B2D0-3C4A396CF8BE}.Release|x86.ActiveCfg = Release|Any CPU
		{7261ED1D-6167-47C5-B2D0-3C4A396CF8BE}.Release|x86.Build.0 = Release|Any CPU
		{CA4E274C-2541-4221-819E-441E7C20FEEE}.Debug|Any CPU.ActiveCfg = Debug|Any CPU
		{CA4E274C-2541-4221-819E-441E7C20FEEE}.Debug|Any CPU.Build.0 = Debug|Any CPU
		{CA4E274C-2541-4221-819E-441E7C20FEEE}.Debug|ARM.ActiveCfg = Debug|Any CPU
		{CA4E274C-2541-4221-819E-441E7C20FEEE}.Debug|ARM.Build.0 = Debug|Any CPU
		{CA4E274C-2541-4221-819E-441E7C20FEEE}.Debug|x64.ActiveCfg = Debug|Any CPU
		{CA4E274C-2541-4221-819E-441E7C20FEEE}.Debug|x64.Build.0 = Debug|Any CPU
		{CA4E274C-2541-4221-819E-441E7C20FEEE}.Debug|x86.ActiveCfg = Debug|Any CPU
		{CA4E274C-2541-4221-819E-441E7C20FEEE}.Debug|x86.Build.0 = Debug|Any CPU
		{CA4E274C-2541-4221-819E-441E7C20FEEE}.Release|Any CPU.ActiveCfg = Release|Any CPU
		{CA4E274C-2541-4221-819E-441E7C20FEEE}.Release|Any CPU.Build.0 = Release|Any CPU
		{CA4E274C-2541-4221-819E-441E7C20FEEE}.Release|ARM.ActiveCfg = Release|Any CPU
		{CA4E274C-2541-4221-819E-441E7C20FEEE}.Release|ARM.Build.0 = Release|Any CPU
		{CA4E274C-2541-4221-819E-441E7C20FEEE}.Release|x64.ActiveCfg = Release|Any CPU
		{CA4E274C-2541-4221-819E-441E7C20FEEE}.Release|x64.Build.0 = Release|Any CPU
		{CA4E274C-2541-4221-819E-441E7C20FEEE}.Release|x86.ActiveCfg = Release|Any CPU
		{CA4E274C-2541-4221-819E-441E7C20FEEE}.Release|x86.Build.0 = Release|Any CPU
		{C5987EFA-B632-406F-9934-0C6A924E05C7}.Debug|Any CPU.ActiveCfg = Debug|Any CPU
		{C5987EFA-B632-406F-9934-0C6A924E05C7}.Debug|Any CPU.Build.0 = Debug|Any CPU
		{C5987EFA-B632-406F-9934-0C6A924E05C7}.Debug|ARM.ActiveCfg = Debug|Any CPU
		{C5987EFA-B632-406F-9934-0C6A924E05C7}.Debug|ARM.Build.0 = Debug|Any CPU
		{C5987EFA-B632-406F-9934-0C6A924E05C7}.Debug|x64.ActiveCfg = Debug|Any CPU
		{C5987EFA-B632-406F-9934-0C6A924E05C7}.Debug|x64.Build.0 = Debug|Any CPU
		{C5987EFA-B632-406F-9934-0C6A924E05C7}.Debug|x86.ActiveCfg = Debug|Any CPU
		{C5987EFA-B632-406F-9934-0C6A924E05C7}.Debug|x86.Build.0 = Debug|Any CPU
		{C5987EFA-B632-406F-9934-0C6A924E05C7}.Release|Any CPU.ActiveCfg = Release|Any CPU
		{C5987EFA-B632-406F-9934-0C6A924E05C7}.Release|Any CPU.Build.0 = Release|Any CPU
		{C5987EFA-B632-406F-9934-0C6A924E05C7}.Release|ARM.ActiveCfg = Release|Any CPU
		{C5987EFA-B632-406F-9934-0C6A924E05C7}.Release|ARM.Build.0 = Release|Any CPU
		{C5987EFA-B632-406F-9934-0C6A924E05C7}.Release|x64.ActiveCfg = Release|Any CPU
		{C5987EFA-B632-406F-9934-0C6A924E05C7}.Release|x64.Build.0 = Release|Any CPU
		{C5987EFA-B632-406F-9934-0C6A924E05C7}.Release|x86.ActiveCfg = Release|Any CPU
		{C5987EFA-B632-406F-9934-0C6A924E05C7}.Release|x86.Build.0 = Release|Any CPU
		{C5671EE7-F0A2-4D61-815B-E98FFCFD349A}.Debug|Any CPU.ActiveCfg = Debug|Any CPU
		{C5671EE7-F0A2-4D61-815B-E98FFCFD349A}.Debug|Any CPU.Build.0 = Debug|Any CPU
		{C5671EE7-F0A2-4D61-815B-E98FFCFD349A}.Debug|ARM.ActiveCfg = Debug|Any CPU
		{C5671EE7-F0A2-4D61-815B-E98FFCFD349A}.Debug|ARM.Build.0 = Debug|Any CPU
		{C5671EE7-F0A2-4D61-815B-E98FFCFD349A}.Debug|x64.ActiveCfg = Debug|Any CPU
		{C5671EE7-F0A2-4D61-815B-E98FFCFD349A}.Debug|x64.Build.0 = Debug|Any CPU
		{C5671EE7-F0A2-4D61-815B-E98FFCFD349A}.Debug|x86.ActiveCfg = Debug|Any CPU
		{C5671EE7-F0A2-4D61-815B-E98FFCFD349A}.Debug|x86.Build.0 = Debug|Any CPU
		{C5671EE7-F0A2-4D61-815B-E98FFCFD349A}.Release|Any CPU.ActiveCfg = Release|Any CPU
		{C5671EE7-F0A2-4D61-815B-E98FFCFD349A}.Release|Any CPU.Build.0 = Release|Any CPU
		{C5671EE7-F0A2-4D61-815B-E98FFCFD349A}.Release|ARM.ActiveCfg = Release|Any CPU
		{C5671EE7-F0A2-4D61-815B-E98FFCFD349A}.Release|ARM.Build.0 = Release|Any CPU
		{C5671EE7-F0A2-4D61-815B-E98FFCFD349A}.Release|x64.ActiveCfg = Release|Any CPU
		{C5671EE7-F0A2-4D61-815B-E98FFCFD349A}.Release|x64.Build.0 = Release|Any CPU
		{C5671EE7-F0A2-4D61-815B-E98FFCFD349A}.Release|x86.ActiveCfg = Release|Any CPU
		{C5671EE7-F0A2-4D61-815B-E98FFCFD349A}.Release|x86.Build.0 = Release|Any CPU
		{AB08055F-4BAB-48A5-A76C-F97AEE45A9C8}.Debug|Any CPU.ActiveCfg = Debug|Any CPU
		{AB08055F-4BAB-48A5-A76C-F97AEE45A9C8}.Debug|Any CPU.Build.0 = Debug|Any CPU
		{AB08055F-4BAB-48A5-A76C-F97AEE45A9C8}.Debug|ARM.ActiveCfg = Debug|Any CPU
		{AB08055F-4BAB-48A5-A76C-F97AEE45A9C8}.Debug|ARM.Build.0 = Debug|Any CPU
		{AB08055F-4BAB-48A5-A76C-F97AEE45A9C8}.Debug|x64.ActiveCfg = Debug|Any CPU
		{AB08055F-4BAB-48A5-A76C-F97AEE45A9C8}.Debug|x64.Build.0 = Debug|Any CPU
		{AB08055F-4BAB-48A5-A76C-F97AEE45A9C8}.Debug|x86.ActiveCfg = Debug|Any CPU
		{AB08055F-4BAB-48A5-A76C-F97AEE45A9C8}.Debug|x86.Build.0 = Debug|Any CPU
		{AB08055F-4BAB-48A5-A76C-F97AEE45A9C8}.Release|Any CPU.ActiveCfg = Release|Any CPU
		{AB08055F-4BAB-48A5-A76C-F97AEE45A9C8}.Release|Any CPU.Build.0 = Release|Any CPU
		{AB08055F-4BAB-48A5-A76C-F97AEE45A9C8}.Release|ARM.ActiveCfg = Release|Any CPU
		{AB08055F-4BAB-48A5-A76C-F97AEE45A9C8}.Release|ARM.Build.0 = Release|Any CPU
		{AB08055F-4BAB-48A5-A76C-F97AEE45A9C8}.Release|x64.ActiveCfg = Release|Any CPU
		{AB08055F-4BAB-48A5-A76C-F97AEE45A9C8}.Release|x64.Build.0 = Release|Any CPU
		{AB08055F-4BAB-48A5-A76C-F97AEE45A9C8}.Release|x86.ActiveCfg = Release|Any CPU
		{AB08055F-4BAB-48A5-A76C-F97AEE45A9C8}.Release|x86.Build.0 = Release|Any CPU
	EndGlobalSection
	GlobalSection(SolutionProperties) = preSolution
		HideSolutionNode = FALSE
	EndGlobalSection
EndGlobal
