
Microsoft Visual Studio Solution File, Format Version 12.00
# Visual Studio 14
VisualStudioVersion = 14.0.25420.1
MinimumVisualStudioVersion = 10.0.40219.1
Project("{FAE04EC0-301F-11D3-BF4B-00C04F79EFBC}") = "DynThings.Data.Models", "DynThings.Data.Models\DynThings.Data.Models.csproj", "{946862BE-8456-4882-9A11-09ED0AFD407B}"
EndProject
Project("{FAE04EC0-301F-11D3-BF4B-00C04F79EFBC}") = "DynThings.Data.Repositories", "DynThings.Data.Repositories\DynThings.Data.Repositories.csproj", "{3EB80EA4-99D5-4DB4-BD84-2370DCE356D0}"
EndProject
Project("{FAE04EC0-301F-11D3-BF4B-00C04F79EFBC}") = "DynThings.Simulator", "DynThings.Simulator\DynThings.Simulator.csproj", "{7261ED1D-6167-47C5-B2D0-3C4A396CF8BE}"
	ProjectSection(ProjectDependencies) = postProject
		{CA4E274C-2541-4221-819E-441E7C20FEEE} = {CA4E274C-2541-4221-819E-441E7C20FEEE}
		{3EB80EA4-99D5-4DB4-BD84-2370DCE356D0} = {3EB80EA4-99D5-4DB4-BD84-2370DCE356D0}
		{946862BE-8456-4882-9A11-09ED0AFD407B} = {946862BE-8456-4882-9A11-09ED0AFD407B}
		{C5671EE7-F0A2-4D61-815B-E98FFCFD349A} = {C5671EE7-F0A2-4D61-815B-E98FFCFD349A}
	EndProjectSection
EndProject
Project("{FAE04EC0-301F-11D3-BF4B-00C04F79EFBC}") = "DynThings.Core", "DynThings.Core\DynThings.Core.csproj", "{CA4E274C-2541-4221-819E-441E7C20FEEE}"
EndProject
Project("{FAE04EC0-301F-11D3-BF4B-00C04F79EFBC}") = "DynThings.WebAPI.Models", "DynThings.WebAPI.Models\DynThings.WebAPI.Models.csproj", "{C5987EFA-B632-406F-9934-0C6A924E05C7}"
EndProject
Project("{FAE04EC0-301F-11D3-BF4B-00C04F79EFBC}") = "DynThings.WebPortal", "DynThings.WebPortal\DynThings.WebPortal.csproj", "{C5671EE7-F0A2-4D61-815B-E98FFCFD349A}"
EndProject
Project("{FAE04EC0-301F-11D3-BF4B-00C04F79EFBC}") = "DynThings.Data.Reports", "DynThings.Data.Reports\DynThings.Data.Reports.csproj", "{AB08055F-4BAB-48A5-A76C-F97AEE45A9C8}"
EndProject
Project("{2150E333-8FDC-42A3-9474-1A3956D46DE8}") = "Core", "Core", "{4CCA1A8E-2A1E-4BC4-AA63-2E26F86F3FBB}"
EndProject
Project("{2150E333-8FDC-42A3-9474-1A3956D46DE8}") = "Apps", "Apps", "{7E57DAB6-000E-4B32-A5BC-0FF6317B315A}"
EndProject
Project("{54435603-DBB4-11D2-8724-00A0C9A8B90C}") = "DynThings Platform", "DynThings Platform\DynThings Platform.vdproj", "{4C941816-90DA-4935-A9A7-D8004405A983}"
EndProject
Project("{00D1A9C2-B5F0-4AF3-8072-F6C62B433612}") = "DynThings.DataBase", "DynThings.DataBase\DynThings.DataBase.sqlproj", "{B34E324D-9670-46D9-9FEB-854FCBC6F3D1}"
EndProject
Project("{FAE04EC0-301F-11D3-BF4B-00C04F79EFBC}") = "DynThings.DBManager", "DynThings.DBManager\DynThings.DBManager.csproj", "{DA4E7462-B093-430A-A0C7-7AA9B77493DC}"
EndProject
Project("{FAE04EC0-301F-11D3-BF4B-00C04F79EFBC}") = "DynThings.Service", "DynThings.Service\DynThings.Service.csproj", "{D54D17B5-D98B-4E9B-B1C5-AF8EA653549A}"
EndProject
Project("{2150E333-8FDC-42A3-9474-1A3956D46DE8}") = "Installers", "Installers", "{3F94EC4E-EEB9-450C-8484-D8E111D85407}"
EndProject
Project("{FAE04EC0-301F-11D3-BF4B-00C04F79EFBC}") = "DynThings.WebAPI.Repositories", "DynThings.WebAPI.Repositories\DynThings.WebAPI.Repositories.csproj", "{F973C3FF-E9C6-405C-B57F-F217FDBC5395}"
EndProject
Global
	GlobalSection(SolutionConfigurationPlatforms) = preSolution
		Debug|Any CPU = Debug|Any CPU
		Debug|ARM = Debug|ARM
		Debug|x64 = Debug|x64
		Debug|x86 = Debug|x86
		Release|Any CPU = Release|Any CPU
		Release|ARM = Release|ARM
		Release|x64 = Release|x64
		Release|x86 = Release|x86
	EndGlobalSection
	GlobalSection(ProjectConfigurationPlatforms) = postSolution
		{946862BE-8456-4882-9A11-09ED0AFD407B}.Debug|Any CPU.ActiveCfg = Debug|Any CPU
		{946862BE-8456-4882-9A11-09ED0AFD407B}.Debug|Any CPU.Build.0 = Debug|Any CPU
		{946862BE-8456-4882-9A11-09ED0AFD407B}.Debug|ARM.ActiveCfg = Debug|Any CPU
		{946862BE-8456-4882-9A11-09ED0AFD407B}.Debug|ARM.Build.0 = Debug|Any CPU
		{946862BE-8456-4882-9A11-09ED0AFD407B}.Debug|x64.ActiveCfg = Debug|Any CPU
		{946862BE-8456-4882-9A11-09ED0AFD407B}.Debug|x64.Build.0 = Debug|Any CPU
		{946862BE-8456-4882-9A11-09ED0AFD407B}.Debug|x86.ActiveCfg = Debug|Any CPU
		{946862BE-8456-4882-9A11-09ED0AFD407B}.Debug|x86.Build.0 = Debug|Any CPU
		{946862BE-8456-4882-9A11-09ED0AFD407B}.Release|Any CPU.ActiveCfg = Release|Any CPU
		{946862BE-8456-4882-9A11-09ED0AFD407B}.Release|Any CPU.Build.0 = Release|Any CPU
		{946862BE-8456-4882-9A11-09ED0AFD407B}.Release|ARM.ActiveCfg = Release|Any CPU
		{946862BE-8456-4882-9A11-09ED0AFD407B}.Release|ARM.Build.0 = Release|Any CPU
		{946862BE-8456-4882-9A11-09ED0AFD407B}.Release|x64.ActiveCfg = Release|Any CPU
		{946862BE-8456-4882-9A11-09ED0AFD407B}.Release|x64.Build.0 = Release|Any CPU
		{946862BE-8456-4882-9A11-09ED0AFD407B}.Release|x86.ActiveCfg = Release|Any CPU
		{946862BE-8456-4882-9A11-09ED0AFD407B}.Release|x86.Build.0 = Release|Any CPU
		{3EB80EA4-99D5-4DB4-BD84-2370DCE356D0}.Debug|Any CPU.ActiveCfg = Debug|Any CPU
		{3EB80EA4-99D5-4DB4-BD84-2370DCE356D0}.Debug|Any CPU.Build.0 = Debug|Any CPU
		{3EB80EA4-99D5-4DB4-BD84-2370DCE356D0}.Debug|ARM.ActiveCfg = Debug|Any CPU
		{3EB80EA4-99D5-4DB4-BD84-2370DCE356D0}.Debug|ARM.Build.0 = Debug|Any CPU
		{3EB80EA4-99D5-4DB4-BD84-2370DCE356D0}.Debug|x64.ActiveCfg = Debug|Any CPU
		{3EB80EA4-99D5-4DB4-BD84-2370DCE356D0}.Debug|x64.Build.0 = Debug|Any CPU
		{3EB80EA4-99D5-4DB4-BD84-2370DCE356D0}.Debug|x86.ActiveCfg = Debug|Any CPU
		{3EB80EA4-99D5-4DB4-BD84-2370DCE356D0}.Debug|x86.Build.0 = Debug|Any CPU
		{3EB80EA4-99D5-4DB4-BD84-2370DCE356D0}.Release|Any CPU.ActiveCfg = Release|Any CPU
		{3EB80EA4-99D5-4DB4-BD84-2370DCE356D0}.Release|Any CPU.Build.0 = Release|Any CPU
		{3EB80EA4-99D5-4DB4-BD84-2370DCE356D0}.Release|ARM.ActiveCfg = Release|Any CPU
		{3EB80EA4-99D5-4DB4-BD84-2370DCE356D0}.Release|ARM.Build.0 = Release|Any CPU
		{3EB80EA4-99D5-4DB4-BD84-2370DCE356D0}.Release|x64.ActiveCfg = Release|Any CPU
		{3EB80EA4-99D5-4DB4-BD84-2370DCE356D0}.Release|x64.Build.0 = Release|Any CPU
		{3EB80EA4-99D5-4DB4-BD84-2370DCE356D0}.Release|x86.ActiveCfg = Release|Any CPU
		{3EB80EA4-99D5-4DB4-BD84-2370DCE356D0}.Release|x86.Build.0 = Release|Any CPU
		{7261ED1D-6167-47C5-B2D0-3C4A396CF8BE}.Debug|Any CPU.ActiveCfg = Debug|Any CPU
		{7261ED1D-6167-47C5-B2D0-3C4A396CF8BE}.Debug|Any CPU.Build.0 = Debug|Any CPU
		{7261ED1D-6167-47C5-B2D0-3C4A396CF8BE}.Debug|ARM.ActiveCfg = Debug|Any CPU
		{7261ED1D-6167-47C5-B2D0-3C4A396CF8BE}.Debug|ARM.Build.0 = Debug|Any CPU
		{7261ED1D-6167-47C5-B2D0-3C4A396CF8BE}.Debug|x64.ActiveCfg = Debug|Any CPU
		{7261ED1D-6167-47C5-B2D0-3C4A396CF8BE}.Debug|x64.Build.0 = Debug|Any CPU
		{7261ED1D-6167-47C5-B2D0-3C4A396CF8BE}.Debug|x86.ActiveCfg = Debug|Any CPU
		{7261ED1D-6167-47C5-B2D0-3C4A396CF8BE}.Debug|x86.Build.0 = Debug|Any CPU
		{7261ED1D-6167-47C5-B2D0-3C4A396CF8BE}.Release|Any CPU.ActiveCfg = Release|Any CPU
		{7261ED1D-6167-47C5-B2D0-3C4A396CF8BE}.Release|Any CPU.Build.0 = Release|Any CPU
		{7261ED1D-6167-47C5-B2D0-3C4A396CF8BE}.Release|ARM.ActiveCfg = Release|Any CPU
		{7261ED1D-6167-47C5-B2D0-3C4A396CF8BE}.Release|ARM.Build.0 = Release|Any CPU
		{7261ED1D-6167-47C5-B2D0-3C4A396CF8BE}.Release|x64.ActiveCfg = Release|Any CPU
		{7261ED1D-6167-47C5-B2D0-3C4A396CF8BE}.Release|x64.Build.0 = Release|Any CPU
		{7261ED1D-6167-47C5-B2D0-3C4A396CF8BE}.Release|x86.ActiveCfg = Release|Any CPU
		{7261ED1D-6167-47C5-B2D0-3C4A396CF8BE}.Release|x86.Build.0 = Release|Any CPU
		{CA4E274C-2541-4221-819E-441E7C20FEEE}.Debug|Any CPU.ActiveCfg = Debug|Any CPU
		{CA4E274C-2541-4221-819E-441E7C20FEEE}.Debug|Any CPU.Build.0 = Debug|Any CPU
		{CA4E274C-2541-4221-819E-441E7C20FEEE}.Debug|ARM.ActiveCfg = Debug|Any CPU
		{CA4E274C-2541-4221-819E-441E7C20FEEE}.Debug|ARM.Build.0 = Debug|Any CPU
		{CA4E274C-2541-4221-819E-441E7C20FEEE}.Debug|x64.ActiveCfg = Debug|Any CPU
		{CA4E274C-2541-4221-819E-441E7C20FEEE}.Debug|x64.Build.0 = Debug|Any CPU
		{CA4E274C-2541-4221-819E-441E7C20FEEE}.Debug|x86.ActiveCfg = Debug|Any CPU
		{CA4E274C-2541-4221-819E-441E7C20FEEE}.Debug|x86.Build.0 = Debug|Any CPU
		{CA4E274C-2541-4221-819E-441E7C20FEEE}.Release|Any CPU.ActiveCfg = Release|Any CPU
		{CA4E274C-2541-4221-819E-441E7C20FEEE}.Release|Any CPU.Build.0 = Release|Any CPU
		{CA4E274C-2541-4221-819E-441E7C20FEEE}.Release|ARM.ActiveCfg = Release|Any CPU
		{CA4E274C-2541-4221-819E-441E7C20FEEE}.Release|ARM.Build.0 = Release|Any CPU
		{CA4E274C-2541-4221-819E-441E7C20FEEE}.Release|x64.ActiveCfg = Release|Any CPU
		{CA4E274C-2541-4221-819E-441E7C20FEEE}.Release|x64.Build.0 = Release|Any CPU
		{CA4E274C-2541-4221-819E-441E7C20FEEE}.Release|x86.ActiveCfg = Release|Any CPU
		{CA4E274C-2541-4221-819E-441E7C20FEEE}.Release|x86.Build.0 = Release|Any CPU
		{C5987EFA-B632-406F-9934-0C6A924E05C7}.Debug|Any CPU.ActiveCfg = Debug|Any CPU
		{C5987EFA-B632-406F-9934-0C6A924E05C7}.Debug|Any CPU.Build.0 = Debug|Any CPU
		{C5987EFA-B632-406F-9934-0C6A924E05C7}.Debug|ARM.ActiveCfg = Debug|Any CPU
		{C5987EFA-B632-406F-9934-0C6A924E05C7}.Debug|ARM.Build.0 = Debug|Any CPU
		{C5987EFA-B632-406F-9934-0C6A924E05C7}.Debug|x64.ActiveCfg = Debug|Any CPU
		{C5987EFA-B632-406F-9934-0C6A924E05C7}.Debug|x64.Build.0 = Debug|Any CPU
		{C5987EFA-B632-406F-9934-0C6A924E05C7}.Debug|x86.ActiveCfg = Debug|Any CPU
		{C5987EFA-B632-406F-9934-0C6A924E05C7}.Debug|x86.Build.0 = Debug|Any CPU
		{C5987EFA-B632-406F-9934-0C6A924E05C7}.Release|Any CPU.ActiveCfg = Release|Any CPU
		{C5987EFA-B632-406F-9934-0C6A924E05C7}.Release|Any CPU.Build.0 = Release|Any CPU
		{C5987EFA-B632-406F-9934-0C6A924E05C7}.Release|ARM.ActiveCfg = Release|Any CPU
		{C5987EFA-B632-406F-9934-0C6A924E05C7}.Release|ARM.Build.0 = Release|Any CPU
		{C5987EFA-B632-406F-9934-0C6A924E05C7}.Release|x64.ActiveCfg = Release|Any CPU
		{C5987EFA-B632-406F-9934-0C6A924E05C7}.Release|x64.Build.0 = Release|Any CPU
		{C5987EFA-B632-406F-9934-0C6A924E05C7}.Release|x86.ActiveCfg = Release|Any CPU
		{C5987EFA-B632-406F-9934-0C6A924E05C7}.Release|x86.Build.0 = Release|Any CPU
		{C5671EE7-F0A2-4D61-815B-E98FFCFD349A}.Debug|Any CPU.ActiveCfg = Debug|Any CPU
		{C5671EE7-F0A2-4D61-815B-E98FFCFD349A}.Debug|Any CPU.Build.0 = Debug|Any CPU
		{C5671EE7-F0A2-4D61-815B-E98FFCFD349A}.Debug|ARM.ActiveCfg = Debug|Any CPU
		{C5671EE7-F0A2-4D61-815B-E98FFCFD349A}.Debug|ARM.Build.0 = Debug|Any CPU
		{C5671EE7-F0A2-4D61-815B-E98FFCFD349A}.Debug|x64.ActiveCfg = Debug|Any CPU
		{C5671EE7-F0A2-4D61-815B-E98FFCFD349A}.Debug|x64.Build.0 = Debug|Any CPU
		{C5671EE7-F0A2-4D61-815B-E98FFCFD349A}.Debug|x86.ActiveCfg = Debug|Any CPU
		{C5671EE7-F0A2-4D61-815B-E98FFCFD349A}.Debug|x86.Build.0 = Debug|Any CPU
		{C5671EE7-F0A2-4D61-815B-E98FFCFD349A}.Release|Any CPU.ActiveCfg = Release|Any CPU
		{C5671EE7-F0A2-4D61-815B-E98FFCFD349A}.Release|Any CPU.Build.0 = Release|Any CPU
		{C5671EE7-F0A2-4D61-815B-E98FFCFD349A}.Release|ARM.ActiveCfg = Release|Any CPU
		{C5671EE7-F0A2-4D61-815B-E98FFCFD349A}.Release|ARM.Build.0 = Release|Any CPU
		{C5671EE7-F0A2-4D61-815B-E98FFCFD349A}.Release|x64.ActiveCfg = Release|Any CPU
		{C5671EE7-F0A2-4D61-815B-E98FFCFD349A}.Release|x64.Build.0 = Release|Any CPU
		{C5671EE7-F0A2-4D61-815B-E98FFCFD349A}.Release|x86.ActiveCfg = Release|Any CPU
		{C5671EE7-F0A2-4D61-815B-E98FFCFD349A}.Release|x86.Build.0 = Release|Any CPU
		{AB08055F-4BAB-48A5-A76C-F97AEE45A9C8}.Debug|Any CPU.ActiveCfg = Debug|Any CPU
		{AB08055F-4BAB-48A5-A76C-F97AEE45A9C8}.Debug|Any CPU.Build.0 = Debug|Any CPU
		{AB08055F-4BAB-48A5-A76C-F97AEE45A9C8}.Debug|ARM.ActiveCfg = Debug|Any CPU
		{AB08055F-4BAB-48A5-A76C-F97AEE45A9C8}.Debug|ARM.Build.0 = Debug|Any CPU
		{AB08055F-4BAB-48A5-A76C-F97AEE45A9C8}.Debug|x64.ActiveCfg = Debug|Any CPU
		{AB08055F-4BAB-48A5-A76C-F97AEE45A9C8}.Debug|x64.Build.0 = Debug|Any CPU
		{AB08055F-4BAB-48A5-A76C-F97AEE45A9C8}.Debug|x86.ActiveCfg = Debug|Any CPU
		{AB08055F-4BAB-48A5-A76C-F97AEE45A9C8}.Debug|x86.Build.0 = Debug|Any CPU
		{AB08055F-4BAB-48A5-A76C-F97AEE45A9C8}.Release|Any CPU.ActiveCfg = Release|Any CPU
		{AB08055F-4BAB-48A5-A76C-F97AEE45A9C8}.Release|Any CPU.Build.0 = Release|Any CPU
		{AB08055F-4BAB-48A5-A76C-F97AEE45A9C8}.Release|ARM.ActiveCfg = Release|Any CPU
		{AB08055F-4BAB-48A5-A76C-F97AEE45A9C8}.Release|ARM.Build.0 = Release|Any CPU
		{AB08055F-4BAB-48A5-A76C-F97AEE45A9C8}.Release|x64.ActiveCfg = Release|Any CPU
		{AB08055F-4BAB-48A5-A76C-F97AEE45A9C8}.Release|x64.Build.0 = Release|Any CPU
		{AB08055F-4BAB-48A5-A76C-F97AEE45A9C8}.Release|x86.ActiveCfg = Release|Any CPU
		{AB08055F-4BAB-48A5-A76C-F97AEE45A9C8}.Release|x86.Build.0 = Release|Any CPU
		{4C941816-90DA-4935-A9A7-D8004405A983}.Debug|Any CPU.ActiveCfg = Debug
		{4C941816-90DA-4935-A9A7-D8004405A983}.Debug|ARM.ActiveCfg = Debug
		{4C941816-90DA-4935-A9A7-D8004405A983}.Debug|x64.ActiveCfg = Debug
		{4C941816-90DA-4935-A9A7-D8004405A983}.Debug|x86.ActiveCfg = Debug
		{4C941816-90DA-4935-A9A7-D8004405A983}.Release|Any CPU.ActiveCfg = Release
		{4C941816-90DA-4935-A9A7-D8004405A983}.Release|ARM.ActiveCfg = Release
		{4C941816-90DA-4935-A9A7-D8004405A983}.Release|x64.ActiveCfg = Release
		{4C941816-90DA-4935-A9A7-D8004405A983}.Release|x86.ActiveCfg = Release
		{B34E324D-9670-46D9-9FEB-854FCBC6F3D1}.Debug|Any CPU.ActiveCfg = Debug|Any CPU
		{B34E324D-9670-46D9-9FEB-854FCBC6F3D1}.Debug|Any CPU.Build.0 = Debug|Any CPU
		{B34E324D-9670-46D9-9FEB-854FCBC6F3D1}.Debug|Any CPU.Deploy.0 = Debug|Any CPU
		{B34E324D-9670-46D9-9FEB-854FCBC6F3D1}.Debug|ARM.ActiveCfg = Debug|Any CPU
		{B34E324D-9670-46D9-9FEB-854FCBC6F3D1}.Debug|ARM.Build.0 = Debug|Any CPU
		{B34E324D-9670-46D9-9FEB-854FCBC6F3D1}.Debug|ARM.Deploy.0 = Debug|Any CPU
		{B34E324D-9670-46D9-9FEB-854FCBC6F3D1}.Debug|x64.ActiveCfg = Debug|Any CPU
		{B34E324D-9670-46D9-9FEB-854FCBC6F3D1}.Debug|x64.Build.0 = Debug|Any CPU
		{B34E324D-9670-46D9-9FEB-854FCBC6F3D1}.Debug|x64.Deploy.0 = Debug|Any CPU
		{B34E324D-9670-46D9-9FEB-854FCBC6F3D1}.Debug|x86.ActiveCfg = Debug|Any CPU
		{B34E324D-9670-46D9-9FEB-854FCBC6F3D1}.Debug|x86.Build.0 = Debug|Any CPU
		{B34E324D-9670-46D9-9FEB-854FCBC6F3D1}.Debug|x86.Deploy.0 = Debug|Any CPU
		{B34E324D-9670-46D9-9FEB-854FCBC6F3D1}.Release|Any CPU.ActiveCfg = Release|Any CPU
		{B34E324D-9670-46D9-9FEB-854FCBC6F3D1}.Release|Any CPU.Build.0 = Release|Any CPU
		{B34E324D-9670-46D9-9FEB-854FCBC6F3D1}.Release|Any CPU.Deploy.0 = Release|Any CPU
		{B34E324D-9670-46D9-9FEB-854FCBC6F3D1}.Release|ARM.ActiveCfg = Release|Any CPU
		{B34E324D-9670-46D9-9FEB-854FCBC6F3D1}.Release|ARM.Build.0 = Release|Any CPU
		{B34E324D-9670-46D9-9FEB-854FCBC6F3D1}.Release|ARM.Deploy.0 = Release|Any CPU
		{B34E324D-9670-46D9-9FEB-854FCBC6F3D1}.Release|x64.ActiveCfg = Release|Any CPU
		{B34E324D-9670-46D9-9FEB-854FCBC6F3D1}.Release|x64.Build.0 = Release|Any CPU
		{B34E324D-9670-46D9-9FEB-854FCBC6F3D1}.Release|x64.Deploy.0 = Release|Any CPU
		{B34E324D-9670-46D9-9FEB-854FCBC6F3D1}.Release|x86.ActiveCfg = Release|Any CPU
		{B34E324D-9670-46D9-9FEB-854FCBC6F3D1}.Release|x86.Build.0 = Release|Any CPU
		{B34E324D-9670-46D9-9FEB-854FCBC6F3D1}.Release|x86.Deploy.0 = Release|Any CPU
		{DA4E7462-B093-430A-A0C7-7AA9B77493DC}.Debug|Any CPU.ActiveCfg = Debug|Any CPU
		{DA4E7462-B093-430A-A0C7-7AA9B77493DC}.Debug|Any CPU.Build.0 = Debug|Any CPU
		{DA4E7462-B093-430A-A0C7-7AA9B77493DC}.Debug|ARM.ActiveCfg = Debug|Any CPU
		{DA4E7462-B093-430A-A0C7-7AA9B77493DC}.Debug|ARM.Build.0 = Debug|Any CPU
		{DA4E7462-B093-430A-A0C7-7AA9B77493DC}.Debug|x64.ActiveCfg = Debug|Any CPU
		{DA4E7462-B093-430A-A0C7-7AA9B77493DC}.Debug|x64.Build.0 = Debug|Any CPU
		{DA4E7462-B093-430A-A0C7-7AA9B77493DC}.Debug|x86.ActiveCfg = Debug|Any CPU
		{DA4E7462-B093-430A-A0C7-7AA9B77493DC}.Debug|x86.Build.0 = Debug|Any CPU
		{DA4E7462-B093-430A-A0C7-7AA9B77493DC}.Release|Any CPU.ActiveCfg = Release|Any CPU
		{DA4E7462-B093-430A-A0C7-7AA9B77493DC}.Release|Any CPU.Build.0 = Release|Any CPU
		{DA4E7462-B093-430A-A0C7-7AA9B77493DC}.Release|ARM.ActiveCfg = Release|Any CPU
		{DA4E7462-B093-430A-A0C7-7AA9B77493DC}.Release|ARM.Build.0 = Release|Any CPU
		{DA4E7462-B093-430A-A0C7-7AA9B77493DC}.Release|x64.ActiveCfg = Release|Any CPU
		{DA4E7462-B093-430A-A0C7-7AA9B77493DC}.Release|x64.Build.0 = Release|Any CPU
		{DA4E7462-B093-430A-A0C7-7AA9B77493DC}.Release|x86.ActiveCfg = Release|Any CPU
		{DA4E7462-B093-430A-A0C7-7AA9B77493DC}.Release|x86.Build.0 = Release|Any CPU
		{D54D17B5-D98B-4E9B-B1C5-AF8EA653549A}.Debug|Any CPU.ActiveCfg = Debug|Any CPU
		{D54D17B5-D98B-4E9B-B1C5-AF8EA653549A}.Debug|Any CPU.Build.0 = Debug|Any CPU
		{D54D17B5-D98B-4E9B-B1C5-AF8EA653549A}.Debug|ARM.ActiveCfg = Debug|Any CPU
		{D54D17B5-D98B-4E9B-B1C5-AF8EA653549A}.Debug|ARM.Build.0 = Debug|Any CPU
		{D54D17B5-D98B-4E9B-B1C5-AF8EA653549A}.Debug|x64.ActiveCfg = Debug|Any CPU
		{D54D17B5-D98B-4E9B-B1C5-AF8EA653549A}.Debug|x64.Build.0 = Debug|Any CPU
		{D54D17B5-D98B-4E9B-B1C5-AF8EA653549A}.Debug|x86.ActiveCfg = Debug|Any CPU
		{D54D17B5-D98B-4E9B-B1C5-AF8EA653549A}.Debug|x86.Build.0 = Debug|Any CPU
		{D54D17B5-D98B-4E9B-B1C5-AF8EA653549A}.Release|Any CPU.ActiveCfg = Release|Any CPU
		{D54D17B5-D98B-4E9B-B1C5-AF8EA653549A}.Release|Any CPU.Build.0 = Release|Any CPU
		{D54D17B5-D98B-4E9B-B1C5-AF8EA653549A}.Release|ARM.ActiveCfg = Release|Any CPU
		{D54D17B5-D98B-4E9B-B1C5-AF8EA653549A}.Release|ARM.Build.0 = Release|Any CPU
		{D54D17B5-D98B-4E9B-B1C5-AF8EA653549A}.Release|x64.ActiveCfg = Release|Any CPU
		{D54D17B5-D98B-4E9B-B1C5-AF8EA653549A}.Release|x64.Build.0 = Release|Any CPU
		{D54D17B5-D98B-4E9B-B1C5-AF8EA653549A}.Release|x86.ActiveCfg = Release|Any CPU
		{D54D17B5-D98B-4E9B-B1C5-AF8EA653549A}.Release|x86.Build.0 = Release|Any CPU
		{F973C3FF-E9C6-405C-B57F-F217FDBC5395}.Debug|Any CPU.ActiveCfg = Debug|Any CPU
		{F973C3FF-E9C6-405C-B57F-F217FDBC5395}.Debug|Any CPU.Build.0 = Debug|Any CPU
		{F973C3FF-E9C6-405C-B57F-F217FDBC5395}.Debug|ARM.ActiveCfg = Debug|Any CPU
		{F973C3FF-E9C6-405C-B57F-F217FDBC5395}.Debug|ARM.Build.0 = Debug|Any CPU
		{F973C3FF-E9C6-405C-B57F-F217FDBC5395}.Debug|x64.ActiveCfg = Debug|Any CPU
		{F973C3FF-E9C6-405C-B57F-F217FDBC5395}.Debug|x64.Build.0 = Debug|Any CPU
		{F973C3FF-E9C6-405C-B57F-F217FDBC5395}.Debug|x86.ActiveCfg = Debug|Any CPU
		{F973C3FF-E9C6-405C-B57F-F217FDBC5395}.Debug|x86.Build.0 = Debug|Any CPU
		{F973C3FF-E9C6-405C-B57F-F217FDBC5395}.Release|Any CPU.ActiveCfg = Release|Any CPU
		{F973C3FF-E9C6-405C-B57F-F217FDBC5395}.Release|Any CPU.Build.0 = Release|Any CPU
		{F973C3FF-E9C6-405C-B57F-F217FDBC5395}.Release|ARM.ActiveCfg = Release|Any CPU
		{F973C3FF-E9C6-405C-B57F-F217FDBC5395}.Release|ARM.Build.0 = Release|Any CPU
		{F973C3FF-E9C6-405C-B57F-F217FDBC5395}.Release|x64.ActiveCfg = Release|Any CPU
		{F973C3FF-E9C6-405C-B57F-F217FDBC5395}.Release|x64.Build.0 = Release|Any CPU
		{F973C3FF-E9C6-405C-B57F-F217FDBC5395}.Release|x86.ActiveCfg = Release|Any CPU
		{F973C3FF-E9C6-405C-B57F-F217FDBC5395}.Release|x86.Build.0 = Release|Any CPU
	EndGlobalSection
	GlobalSection(SolutionProperties) = preSolution
		HideSolutionNode = FALSE
	EndGlobalSection
	GlobalSection(NestedProjects) = preSolution
		{946862BE-8456-4882-9A11-09ED0AFD407B} = {4CCA1A8E-2A1E-4BC4-AA63-2E26F86F3FBB}
		{3EB80EA4-99D5-4DB4-BD84-2370DCE356D0} = {4CCA1A8E-2A1E-4BC4-AA63-2E26F86F3FBB}
		{7261ED1D-6167-47C5-B2D0-3C4A396CF8BE} = {7E57DAB6-000E-4B32-A5BC-0FF6317B315A}
		{CA4E274C-2541-4221-819E-441E7C20FEEE} = {4CCA1A8E-2A1E-4BC4-AA63-2E26F86F3FBB}
		{C5987EFA-B632-406F-9934-0C6A924E05C7} = {4CCA1A8E-2A1E-4BC4-AA63-2E26F86F3FBB}
		{C5671EE7-F0A2-4D61-815B-E98FFCFD349A} = {7E57DAB6-000E-4B32-A5BC-0FF6317B315A}
		{AB08055F-4BAB-48A5-A76C-F97AEE45A9C8} = {4CCA1A8E-2A1E-4BC4-AA63-2E26F86F3FBB}
		{4C941816-90DA-4935-A9A7-D8004405A983} = {3F94EC4E-EEB9-450C-8484-D8E111D85407}
		{B34E324D-9670-46D9-9FEB-854FCBC6F3D1} = {4CCA1A8E-2A1E-4BC4-AA63-2E26F86F3FBB}
		{DA4E7462-B093-430A-A0C7-7AA9B77493DC} = {7E57DAB6-000E-4B32-A5BC-0FF6317B315A}
		{D54D17B5-D98B-4E9B-B1C5-AF8EA653549A} = {7E57DAB6-000E-4B32-A5BC-0FF6317B315A}
		{F973C3FF-E9C6-405C-B57F-F217FDBC5395} = {4CCA1A8E-2A1E-4BC4-AA63-2E26F86F3FBB}
	EndGlobalSection
EndGlobal
